<?xml version="1.0" encoding="utf-8"?>
<Project ToolsVersion="4.0" xmlns="http://schemas.microsoft.com/developer/msbuild/2003">
  <ItemGroup>
    <Filter Include="Source Files">
      <UniqueIdentifier>{4FC737F1-C7A5-4376-A066-2A32D752A2FF}</UniqueIdentifier>
      <Extensions>cpp;c;cc;cxx;c++;cppm;ixx;def;odl;idl;hpj;bat;asm;asmx</Extensions>
    </Filter>
    <Filter Include="Header Files">
      <UniqueIdentifier>{93995380-89BD-4b04-88EB-625FBE52EBFB}</UniqueIdentifier>
      <Extensions>h;hh;hpp;hxx;h++;hm;inl;inc;ipp;xsd</Extensions>
    </Filter>
    <Filter Include="Resource Files">
      <UniqueIdentifier>{67DA6AB6-F800-4c08-8B7A-83BB121AAD01}</UniqueIdentifier>
      <Extensions>rc;ico;cur;bmp;dlg;rc2;rct;bin;rgs;gif;jpg;jpeg;jpe;resx;tiff;tif;png;wav;mfcribbon-ms</Extensions>
    </Filter>
  </ItemGroup>
  <ItemGroup>
    <ClInclude Include="headers\pets\Cat.h">
      <Filter>Header Files</Filter>
    </ClInclude>
    <ClInclude Include="headers\pets\Dog.h">
      <Filter>Header Files</Filter>
    </ClInclude>
    <ClInclude Include="headers\pets\Fox.h">
      <Filter>Header Files</Filter>
    </ClInclude>
    <ClInclude Include="headers\pets\Pet.h">
      <Filter>Header Files</Filter>
    </ClInclude>
    <ClInclude Include="headers\pets\PetDB.h">
      <Filter>Header Files</Filter>
    </ClInclude>
    <ClInclude Include="headers\customers\Customer.h">
      <Filter>Header Files</Filter>
    </ClInclude>
    <ClInclude Include="headers\customers\CustomersDB.h">
      <Filter>Header Files</Filter>
    </ClInclude>
    <ClInclude Include="headers\customers\ElderyCustomer.h">
      <Filter>Header Files</Filter>
    </ClInclude>
    <ClInclude Include="headers\customers\RegularCustomer.h">
      <Filter>Header Files</Filter>
    </ClInclude>
    <ClInclude Include="headers\customers\YoungCustomer.h">
      <Filter>Header Files</Filter>
    </ClInclude>
    <ClInclude Include="headers\customers\Account.h">
      <Filter>Header Files</Filter>
    </ClInclude>
    <ClInclude Include="headers\customers\Authentication.h">
      <Filter>Header Files</Filter>
    </ClInclude>
    <ClInclude Include="headers\shop\Shop.h">
      <Filter>Header Files</Filter>
    </ClInclude>
    <ClInclude Include="headers\pets\PetManager.h">
      <Filter>Header Files</Filter>
    </ClInclude>
  </ItemGroup>
  <ItemGroup>
    <ClCompile Include="source\pets\Cat.cpp">
      <Filter>Source Files</Filter>
    </ClCompile>
    <ClCompile Include="source\pets\Dog.cpp">
      <Filter>Source Files</Filter>
    </ClCompile>
    <ClCompile Include="source\pets\Fox.cpp">
      <Filter>Source Files</Filter>
    </ClCompile>
    <ClCompile Include="source\pets\Pet.cpp">
      <Filter>Source Files</Filter>
    </ClCompile>
    <ClCompile Include="source\pets\PetDB.cpp">
      <Filter>Source Files</Filter>
    </ClCompile>
    <ClCompile Include="source\customers\Customer.cpp">
      <Filter>Source Files</Filter>
    </ClCompile>
    <ClCompile Include="source\customers\CustomersDB.cpp">
      <Filter>Source Files</Filter>
    </ClCompile>
    <ClCompile Include="source\customers\ElderyCustomer.cpp">
      <Filter>Source Files</Filter>
    </ClCompile>
    <ClCompile Include="source\customers\RegularCustomer.cpp">
      <Filter>Source Files</Filter>
    </ClCompile>
    <ClCompile Include="source\customers\YoungCustomer.cpp">
      <Filter>Source Files</Filter>
    </ClCompile>
    <ClCompile Include="source\customers\Account.cpp">
      <Filter>Source Files</Filter>
    </ClCompile>
    <ClCompile Include="source\customers\Authentication.cpp">
      <Filter>Source Files</Filter>
    </ClCompile>
    <ClCompile Include="source\shop\Shop.cpp">
      <Filter>Source Files</Filter>
    </ClCompile>
    <ClCompile Include="main.cpp">
      <Filter>Source Files</Filter>
    </ClCompile>
    <ClCompile Include="source\pets\PetManager.cpp">
      <Filter>Source Files</Filter>
    </ClCompile>
  </ItemGroup>
</Project>